{
  "name": "authentic8",
  "version": "0.7.6",
  "lockfileVersion": 1,
  "requires": true,
  "dependencies": {
    "express-cors": {
      "version": "0.0.3",
      "resolved": "https://registry.npmjs.org/express-cors/-/express-cors-0.0.3.tgz",
      "integrity": "sha1-XCWnjXvmmk/LCEEssnyN/HWIlr0="
    }
  }
}
